
Microsoft Visual Studio Solution File, Format Version 12.00
# Visual Studio 15
VisualStudioVersion = 15.0.28010.2003
MinimumVisualStudioVersion = 10.0.40219.1
Project("{FAE04EC0-301F-11D3-BF4B-00C04F79EFBC}") = "photoDownApp", "photoDownApp\photoDownApp.csproj", "{8EE055D7-F02C-458D-9B2D-AC54974052E9}"
EndProject
Project("{FAE04EC0-301F-11D3-BF4B-00C04F79EFBC}") = "photoDownLibrary", "photoDownLibrary\photoDownLibrary.csproj", "{05DBE8B0-EB83-466A-89E2-06697C164CA8}"
EndProject
Global
	GlobalSection(SolutionConfigurationPlatforms) = preSolution
		Debug|Any CPU = Debug|Any CPU
		Release|Any CPU = Release|Any CPU
	EndGlobalSection
	GlobalSection(ProjectConfigurationPlatforms) = postSolution
		{8EE055D7-F02C-458D-9B2D-AC54974052E9}.Debug|Any CPU.ActiveCfg = Debug|Any CPU
		{8EE055D7-F02C-458D-9B2D-AC54974052E9}.Debug|Any CPU.Build.0 = Debug|Any CPU
		{8EE055D7-F02C-458D-9B2D-AC54974052E9}.Release|Any CPU.ActiveCfg = Release|Any CPU
		{8EE055D7-F02C-458D-9B2D-AC54974052E9}.Release|Any CPU.Build.0 = Release|Any CPU
		{05DBE8B0-EB83-466A-89E2-06697C164CA8}.Debug|Any CPU.ActiveCfg = Debug|Any CPU
		{05DBE8B0-EB83-466A-89E2-06697C164CA8}.Debug|Any CPU.Build.0 = Debug|Any CPU
		{05DBE8B0-EB83-466A-89E2-06697C164CA8}.Release|Any CPU.ActiveCfg = Release|Any CPU
		{05DBE8B0-EB83-466A-89E2-06697C164CA8}.Release|Any CPU.Build.0 = Release|Any CPU
	EndGlobalSection
	GlobalSection(SolutionProperties) = preSolution
		HideSolutionNode = FALSE
	EndGlobalSection
	GlobalSection(ExtensibilityGlobals) = postSolution
		SolutionGuid = {E1FF8A7B-7E35-4864-85A8-92515065292E}
	EndGlobalSection
EndGlobal
